# This file was autogenerated by Stack.
# You should not edit this file by hand.
# For more information, please see the documentation at:
#   https://docs.haskellstack.org/en/stable/lock_files

packages:
- completed:
    cabal-file:
      size: 1499
      sha256: 6f011946ca95569a534d5acd236c40e538df7f384e572003bf3a1b12b185f694
    name: abc-header-parser
    version: 0.1.0.0
    git: https://github.com/newlandsvalley/abc-header-parser.git
    pantry-tree:
      size: 792
      sha256: 879c392eda3e737d058282902260adca7f5ac80971a43709a954be12a9271f48
    commit: 8e4ed0130bf152530818c35b11a3e3db120c67f0
  original:
    git: https://github.com/newlandsvalley/abc-header-parser.git
    commit: 8e4ed0130bf152530818c35b11a3e3db120c67f0
- completed:
    hackage: servant-quickcheck-0.0.7.4@sha256:a981a06792e9547d13fa2f9f0f55ba46d28113881a0661e49016c18d9e6358cc,3776
    pantry-tree:
      size: 976
      sha256: 652ea0bf673822956b0e87b7fcb5e35023299f3e1711462e4a3493e233728fb9
  original:
    hackage: servant-quickcheck-0.0.7.4@sha256:a981a06792e9547d13fa2f9f0f55ba46d28113881a0661e49016c18d9e6358cc,3776
- completed:
    hackage: strict-io-0.2.2@sha256:1cc96f9a123a919ff9ee479f740cbc9fa9edf7c8ac65334de3fdce07638949ed,1012
    pantry-tree:
      size: 345
      sha256: 2fd47d6f9374805075d176012d95d8ea28e643639b8d028f35f732618b5d1683
  original:
    hackage: strict-io-0.2.2@sha256:1cc96f9a123a919ff9ee479f740cbc9fa9edf7c8ac65334de3fdce07638949ed,1012
snapshots:
- completed:
    size: 525662
    url: https://raw.githubusercontent.com/commercialhaskell/stackage-snapshots/master/lts/14/15.yaml
    sha256: c5e673e5723931b64ef2eb5004f6d9ea3c95b58d48388dbc4de6f66b97c81f7a
  original: lts-14.15
