# This file was autogenerated by Stack.
# You should not edit this file by hand.
# For more information, please see the documentation at:
#   https://docs.haskellstack.org/en/stable/lock_files

packages:
- completed:
    cabal-file:
      size: 1456
      sha256: 4bdaaa95ff04c5d97bd24726f62605086ed1c0fe98399121c304757570d96ede
    name: abc-header-parser
    version: 0.1.0.0
    git: https://github.com/newlandsvalley/abc-header-parser.git
    pantry-tree:
      size: 726
      sha256: ada614423d05db728f8dc518a4a067ff9b8499f7e26b336d2463feaa1235870d
    commit: d0717c165bef29d1b0748d6159ab66427e4c889f
  original:
    git: https://github.com/newlandsvalley/abc-header-parser.git
    commit: d0717c165bef29d1b0748d6159ab66427e4c889f
- completed:
    hackage: servant-quickcheck-0.0.7.4@sha256:a981a06792e9547d13fa2f9f0f55ba46d28113881a0661e49016c18d9e6358cc,3776
    pantry-tree:
      size: 976
      sha256: 652ea0bf673822956b0e87b7fcb5e35023299f3e1711462e4a3493e233728fb9
  original:
    hackage: servant-quickcheck-0.0.7.4@sha256:a981a06792e9547d13fa2f9f0f55ba46d28113881a0661e49016c18d9e6358cc,3776
snapshots:
- completed:
    size: 525662
    url: https://raw.githubusercontent.com/commercialhaskell/stackage-snapshots/master/lts/14/15.yaml
    sha256: c5e673e5723931b64ef2eb5004f6d9ea3c95b58d48388dbc4de6f66b97c81f7a
  original: lts-14.15
